// !$*UTF8*$!
{
	archiveVersion = 1;
	classes = {
	};
	objectVersion = 51;
	objects = {

/* Begin PBXBuildFile section */
		024527EF0EA5BF477C39AB78 /* Pods_MerchantTests.framework in Frameworks */ = {isa = PBXBuildFile; fileRef = 81826771851C55C82DB8E48E /* Pods_MerchantTests.framework */; };
		1554FFAE23FAE2C50066A4F3 /* ProfileViewController.swift in Sources */ = {isa = PBXBuildFile; fileRef = 1554FFAD23FAE2C50066A4F3 /* ProfileViewController.swift */; };
		6C2EB81C23F4ACC000320528 /* Poppins-Light.otf in Resources */ = {isa = PBXBuildFile; fileRef = 6C2EB80923F4ACBF00320528 /* Poppins-Light.otf */; };
		6C2EB81D23F4ACC000320528 /* Poppins-SemiBold.otf in Resources */ = {isa = PBXBuildFile; fileRef = 6C2EB80A23F4ACBF00320528 /* Poppins-SemiBold.otf */; };
		6C2EB81E23F4ACC000320528 /* Poppins-ExtraBold.otf in Resources */ = {isa = PBXBuildFile; fileRef = 6C2EB80B23F4ACBF00320528 /* Poppins-ExtraBold.otf */; };
		6C2EB81F23F4ACC000320528 /* Poppins-BoldItalic.otf in Resources */ = {isa = PBXBuildFile; fileRef = 6C2EB80C23F4ACBF00320528 /* Poppins-BoldItalic.otf */; };
		6C2EB82023F4ACC000320528 /* Poppins-Bold.otf in Resources */ = {isa = PBXBuildFile; fileRef = 6C2EB80D23F4ACBF00320528 /* Poppins-Bold.otf */; };
		6C2EB82123F4ACC000320528 /* Poppins-Italic.otf in Resources */ = {isa = PBXBuildFile; fileRef = 6C2EB80E23F4ACBF00320528 /* Poppins-Italic.otf */; };
		6C2EB82223F4ACC000320528 /* Poppins-ExtraLight.otf in Resources */ = {isa = PBXBuildFile; fileRef = 6C2EB80F23F4ACBF00320528 /* Poppins-ExtraLight.otf */; };
		6C2EB82323F4ACC000320528 /* Poppins-Medium.otf in Resources */ = {isa = PBXBuildFile; fileRef = 6C2EB81023F4ACBF00320528 /* Poppins-Medium.otf */; };
		6C2EB82423F4ACC000320528 /* Poppins-ExtraBoldItalic.otf in Resources */ = {isa = PBXBuildFile; fileRef = 6C2EB81123F4ACBF00320528 /* Poppins-ExtraBoldItalic.otf */; };
		6C2EB82523F4ACC000320528 /* Poppins-ThinItalic.otf in Resources */ = {isa = PBXBuildFile; fileRef = 6C2EB81223F4ACBF00320528 /* Poppins-ThinItalic.otf */; };
		6C2EB82623F4ACC000320528 /* Poppins-Regular.otf in Resources */ = {isa = PBXBuildFile; fileRef = 6C2EB81323F4ACBF00320528 /* Poppins-Regular.otf */; };
		6C2EB82723F4ACC000320528 /* Poppins-BlackItalic.otf in Resources */ = {isa = PBXBuildFile; fileRef = 6C2EB81423F4ACBF00320528 /* Poppins-BlackItalic.otf */; };
		6C2EB82823F4ACC000320528 /* Poppins-MediumItalic.otf in Resources */ = {isa = PBXBuildFile; fileRef = 6C2EB81523F4ACBF00320528 /* Poppins-MediumItalic.otf */; };
		6C2EB82923F4ACC000320528 /* Poppins-LightItalic.otf in Resources */ = {isa = PBXBuildFile; fileRef = 6C2EB81623F4ACBF00320528 /* Poppins-LightItalic.otf */; };
		6C2EB82A23F4ACC000320528 /* Poppins-Thin.otf in Resources */ = {isa = PBXBuildFile; fileRef = 6C2EB81723F4ACBF00320528 /* Poppins-Thin.otf */; };
		6C2EB82B23F4ACC000320528 /* Poppins-SemiBoldItalic.otf in Resources */ = {isa = PBXBuildFile; fileRef = 6C2EB81823F4ACBF00320528 /* Poppins-SemiBoldItalic.otf */; };
		6C2EB82C23F4ACC000320528 /* SIL Open Font License.txt in Resources */ = {isa = PBXBuildFile; fileRef = 6C2EB81923F4ACBF00320528 /* SIL Open Font License.txt */; };
		6C2EB82D23F4ACC000320528 /* Poppins-Black.otf in Resources */ = {isa = PBXBuildFile; fileRef = 6C2EB81A23F4ACC000320528 /* Poppins-Black.otf */; };
		6C2EB82E23F4ACC000320528 /* Poppins-ExtraLightItalic.otf in Resources */ = {isa = PBXBuildFile; fileRef = 6C2EB81B23F4ACC000320528 /* Poppins-ExtraLightItalic.otf */; };
		6C37EE13240787D100D8687F /* MainTabBarController.swift in Sources */ = {isa = PBXBuildFile; fileRef = 6C37EE12240787D100D8687F /* MainTabBarController.swift */; };
		6C447D2523F4A30000C8B023 /* RegisterViewController.swift in Sources */ = {isa = PBXBuildFile; fileRef = 6C447D2423F4A30000C8B023 /* RegisterViewController.swift */; };
		6C866C672412A55A003B8941 /* BuyTableViewController.swift in Sources */ = {isa = PBXBuildFile; fileRef = 6C866C662412A55A003B8941 /* BuyTableViewController.swift */; };
		6C866C692412EAA9003B8941 /* BuyTableViewCell.swift in Sources */ = {isa = PBXBuildFile; fileRef = 6C866C682412EAA9003B8941 /* BuyTableViewCell.swift */; };
		6C866C702414B50F003B8941 /* BuyDetailViewController.swift in Sources */ = {isa = PBXBuildFile; fileRef = 6C866C6F2414B50F003B8941 /* BuyDetailViewController.swift */; };
		6C8B564F2408C035009BAE99 /* EditProfileViewController.swift in Sources */ = {isa = PBXBuildFile; fileRef = 6C8B564E2408C035009BAE99 /* EditProfileViewController.swift */; };
		6C8B56512408F180009BAE99 /* ResetPasswordViewController.swift in Sources */ = {isa = PBXBuildFile; fileRef = 6C8B56502408F180009BAE99 /* ResetPasswordViewController.swift */; };
		6CF50D1423F4ECCF008A306D /* LogInViewController.swift in Sources */ = {isa = PBXBuildFile; fileRef = 6CF50D1323F4ECCF008A306D /* LogInViewController.swift */; };
		6CFBD1E623F7664E009F492F /* OTPViewController.swift in Sources */ = {isa = PBXBuildFile; fileRef = 6CFBD1E523F7664E009F492F /* OTPViewController.swift */; };
		6CFBD1E823F76695009F492F /* CreateAccountViewController.swift in Sources */ = {isa = PBXBuildFile; fileRef = 6CFBD1E723F76695009F492F /* CreateAccountViewController.swift */; };
		6CFBE080241DDD7A00063775 /* SellTableViewController.swift in Sources */ = {isa = PBXBuildFile; fileRef = 6CFBE07F241DDD7A00063775 /* SellTableViewController.swift */; };
		6CFBE082241DDDD700063775 /* SellTableViewCell.swift in Sources */ = {isa = PBXBuildFile; fileRef = 6CFBE081241DDDD700063775 /* SellTableViewCell.swift */; };
		7571D7DF23F351EF00C46379 /* AppDelegate.swift in Sources */ = {isa = PBXBuildFile; fileRef = 7571D7DE23F351EF00C46379 /* AppDelegate.swift */; };
		7571D7E123F351EF00C46379 /* SceneDelegate.swift in Sources */ = {isa = PBXBuildFile; fileRef = 7571D7E023F351EF00C46379 /* SceneDelegate.swift */; };
		7571D7E323F351EF00C46379 /* WelcomeViewController.swift in Sources */ = {isa = PBXBuildFile; fileRef = 7571D7E223F351EF00C46379 /* WelcomeViewController.swift */; };
		7571D7E623F351EF00C46379 /* Main.storyboard in Resources */ = {isa = PBXBuildFile; fileRef = 7571D7E423F351EF00C46379 /* Main.storyboard */; };
		7571D7E823F351F000C46379 /* Assets.xcassets in Resources */ = {isa = PBXBuildFile; fileRef = 7571D7E723F351F000C46379 /* Assets.xcassets */; };
		7571D7EB23F351F000C46379 /* LaunchScreen.storyboard in Resources */ = {isa = PBXBuildFile; fileRef = 7571D7E923F351F000C46379 /* LaunchScreen.storyboard */; };
		7571D7F623F351F000C46379 /* MerchantTests.swift in Sources */ = {isa = PBXBuildFile; fileRef = 7571D7F523F351F000C46379 /* MerchantTests.swift */; };
		7571D80123F351F000C46379 /* MerchantUITests.swift in Sources */ = {isa = PBXBuildFile; fileRef = 7571D80023F351F000C46379 /* MerchantUITests.swift */; };
		757F2D97240086AF00B7054F /* API.swift in Sources */ = {isa = PBXBuildFile; fileRef = 757F2D96240086AF00B7054F /* API.swift */; };
		88CD861BD9537BF10202E4C5 /* Pods_Merchant_MerchantUITests.framework in Frameworks */ = {isa = PBXBuildFile; fileRef = 22068D62C0BE1BEC8BD7C016 /* Pods_Merchant_MerchantUITests.framework */; };
		EA164D8A9060FEF585B5B095 /* Pods_Merchant.framework in Frameworks */ = {isa = PBXBuildFile; fileRef = 4F88B7190818A5EECEE76F94 /* Pods_Merchant.framework */; };
/* End PBXBuildFile section */

/* Begin PBXContainerItemProxy section */
		7571D7F223F351F000C46379 /* PBXContainerItemProxy */ = {
			isa = PBXContainerItemProxy;
			containerPortal = 7571D7D323F351EF00C46379 /* Project object */;
			proxyType = 1;
			remoteGlobalIDString = 7571D7DA23F351EF00C46379;
			remoteInfo = Merchant;
		};
		7571D7FD23F351F000C46379 /* PBXContainerItemProxy */ = {
			isa = PBXContainerItemProxy;
			containerPortal = 7571D7D323F351EF00C46379 /* Project object */;
			proxyType = 1;
			remoteGlobalIDString = 7571D7DA23F351EF00C46379;
			remoteInfo = Merchant;
		};
/* End PBXContainerItemProxy section */

/* Begin PBXFileReference section */
		1554FFAD23FAE2C50066A4F3 /* ProfileViewController.swift */ = {isa = PBXFileReference; lastKnownFileType = sourcecode.swift; path = ProfileViewController.swift; sourceTree = "<group>"; };
		22068D62C0BE1BEC8BD7C016 /* Pods_Merchant_MerchantUITests.framework */ = {isa = PBXFileReference; explicitFileType = wrapper.framework; includeInIndex = 0; path = Pods_Merchant_MerchantUITests.framework; sourceTree = BUILT_PRODUCTS_DIR; };
		23D67E866DD9AFE8D27946D9 /* Pods-Merchant.debug.xcconfig */ = {isa = PBXFileReference; includeInIndex = 1; lastKnownFileType = text.xcconfig; name = "Pods-Merchant.debug.xcconfig"; path = "Target Support Files/Pods-Merchant/Pods-Merchant.debug.xcconfig"; sourceTree = "<group>"; };
		3B89CD3FF5AA0331FB47E34A /* Pods-MerchantTests.debug.xcconfig */ = {isa = PBXFileReference; includeInIndex = 1; lastKnownFileType = text.xcconfig; name = "Pods-MerchantTests.debug.xcconfig"; path = "Target Support Files/Pods-MerchantTests/Pods-MerchantTests.debug.xcconfig"; sourceTree = "<group>"; };
		3DEA8AB22406AD7F75797DD8 /* Pods-Merchant-MerchantUITests.release.xcconfig */ = {isa = PBXFileReference; includeInIndex = 1; lastKnownFileType = text.xcconfig; name = "Pods-Merchant-MerchantUITests.release.xcconfig"; path = "Target Support Files/Pods-Merchant-MerchantUITests/Pods-Merchant-MerchantUITests.release.xcconfig"; sourceTree = "<group>"; };
		4F88B7190818A5EECEE76F94 /* Pods_Merchant.framework */ = {isa = PBXFileReference; explicitFileType = wrapper.framework; includeInIndex = 0; path = Pods_Merchant.framework; sourceTree = BUILT_PRODUCTS_DIR; };
		661F2A7D6CA24EC994DB472D /* Pods-Merchant-MerchantUITests.debug.xcconfig */ = {isa = PBXFileReference; includeInIndex = 1; lastKnownFileType = text.xcconfig; name = "Pods-Merchant-MerchantUITests.debug.xcconfig"; path = "Target Support Files/Pods-Merchant-MerchantUITests/Pods-Merchant-MerchantUITests.debug.xcconfig"; sourceTree = "<group>"; };
		6889C560541BDFCBC660FBF5 /* Pods-MerchantTests.release.xcconfig */ = {isa = PBXFileReference; includeInIndex = 1; lastKnownFileType = text.xcconfig; name = "Pods-MerchantTests.release.xcconfig"; path = "Target Support Files/Pods-MerchantTests/Pods-MerchantTests.release.xcconfig"; sourceTree = "<group>"; };
		6BB5BB44F7CCC91FEBBE45A5 /* Pods-Merchant.release.xcconfig */ = {isa = PBXFileReference; includeInIndex = 1; lastKnownFileType = text.xcconfig; name = "Pods-Merchant.release.xcconfig"; path = "Target Support Files/Pods-Merchant/Pods-Merchant.release.xcconfig"; sourceTree = "<group>"; };
		6C2EB80923F4ACBF00320528 /* Poppins-Light.otf */ = {isa = PBXFileReference; lastKnownFileType = file; name = "Poppins-Light.otf"; path = "../../../../poppins/Poppins-Light.otf"; sourceTree = "<group>"; };
		6C2EB80A23F4ACBF00320528 /* Poppins-SemiBold.otf */ = {isa = PBXFileReference; lastKnownFileType = file; name = "Poppins-SemiBold.otf"; path = "../../../../poppins/Poppins-SemiBold.otf"; sourceTree = "<group>"; };
		6C2EB80B23F4ACBF00320528 /* Poppins-ExtraBold.otf */ = {isa = PBXFileReference; lastKnownFileType = file; name = "Poppins-ExtraBold.otf"; path = "../../../../poppins/Poppins-ExtraBold.otf"; sourceTree = "<group>"; };
		6C2EB80C23F4ACBF00320528 /* Poppins-BoldItalic.otf */ = {isa = PBXFileReference; lastKnownFileType = file; name = "Poppins-BoldItalic.otf"; path = "../../../../poppins/Poppins-BoldItalic.otf"; sourceTree = "<group>"; };
		6C2EB80D23F4ACBF00320528 /* Poppins-Bold.otf */ = {isa = PBXFileReference; lastKnownFileType = file; name = "Poppins-Bold.otf"; path = "../../../../poppins/Poppins-Bold.otf"; sourceTree = "<group>"; };
		6C2EB80E23F4ACBF00320528 /* Poppins-Italic.otf */ = {isa = PBXFileReference; lastKnownFileType = file; name = "Poppins-Italic.otf"; path = "../../../../poppins/Poppins-Italic.otf"; sourceTree = "<group>"; };
		6C2EB80F23F4ACBF00320528 /* Poppins-ExtraLight.otf */ = {isa = PBXFileReference; lastKnownFileType = file; name = "Poppins-ExtraLight.otf"; path = "../../../../poppins/Poppins-ExtraLight.otf"; sourceTree = "<group>"; };
		6C2EB81023F4ACBF00320528 /* Poppins-Medium.otf */ = {isa = PBXFileReference; lastKnownFileType = file; name = "Poppins-Medium.otf"; path = "../../../../poppins/Poppins-Medium.otf"; sourceTree = "<group>"; };
		6C2EB81123F4ACBF00320528 /* Poppins-ExtraBoldItalic.otf */ = {isa = PBXFileReference; lastKnownFileType = file; name = "Poppins-ExtraBoldItalic.otf"; path = "../../../../poppins/Poppins-ExtraBoldItalic.otf"; sourceTree = "<group>"; };
		6C2EB81223F4ACBF00320528 /* Poppins-ThinItalic.otf */ = {isa = PBXFileReference; lastKnownFileType = file; name = "Poppins-ThinItalic.otf"; path = "../../../../poppins/Poppins-ThinItalic.otf"; sourceTree = "<group>"; };
		6C2EB81323F4ACBF00320528 /* Poppins-Regular.otf */ = {isa = PBXFileReference; lastKnownFileType = file; name = "Poppins-Regular.otf"; path = "../../../../poppins/Poppins-Regular.otf"; sourceTree = "<group>"; };
		6C2EB81423F4ACBF00320528 /* Poppins-BlackItalic.otf */ = {isa = PBXFileReference; lastKnownFileType = file; name = "Poppins-BlackItalic.otf"; path = "../../../../poppins/Poppins-BlackItalic.otf"; sourceTree = "<group>"; };
		6C2EB81523F4ACBF00320528 /* Poppins-MediumItalic.otf */ = {isa = PBXFileReference; lastKnownFileType = file; name = "Poppins-MediumItalic.otf"; path = "../../../../poppins/Poppins-MediumItalic.otf"; sourceTree = "<group>"; };
		6C2EB81623F4ACBF00320528 /* Poppins-LightItalic.otf */ = {isa = PBXFileReference; lastKnownFileType = file; name = "Poppins-LightItalic.otf"; path = "../../../../poppins/Poppins-LightItalic.otf"; sourceTree = "<group>"; };
		6C2EB81723F4ACBF00320528 /* Poppins-Thin.otf */ = {isa = PBXFileReference; lastKnownFileType = file; name = "Poppins-Thin.otf"; path = "../../../../poppins/Poppins-Thin.otf"; sourceTree = "<group>"; };
		6C2EB81823F4ACBF00320528 /* Poppins-SemiBoldItalic.otf */ = {isa = PBXFileReference; lastKnownFileType = file; name = "Poppins-SemiBoldItalic.otf"; path = "../../../../poppins/Poppins-SemiBoldItalic.otf"; sourceTree = "<group>"; };
		6C2EB81923F4ACBF00320528 /* SIL Open Font License.txt */ = {isa = PBXFileReference; fileEncoding = 4; lastKnownFileType = text; name = "SIL Open Font License.txt"; path = "../../../../poppins/SIL Open Font License.txt"; sourceTree = "<group>"; };
		6C2EB81A23F4ACC000320528 /* Poppins-Black.otf */ = {isa = PBXFileReference; lastKnownFileType = file; name = "Poppins-Black.otf"; path = "../../../../poppins/Poppins-Black.otf"; sourceTree = "<group>"; };
		6C2EB81B23F4ACC000320528 /* Poppins-ExtraLightItalic.otf */ = {isa = PBXFileReference; lastKnownFileType = file; name = "Poppins-ExtraLightItalic.otf"; path = "../../../../poppins/Poppins-ExtraLightItalic.otf"; sourceTree = "<group>"; };
		6C37EE12240787D100D8687F /* MainTabBarController.swift */ = {isa = PBXFileReference; lastKnownFileType = sourcecode.swift; path = MainTabBarController.swift; sourceTree = "<group>"; };
		6C447D2423F4A30000C8B023 /* RegisterViewController.swift */ = {isa = PBXFileReference; lastKnownFileType = sourcecode.swift; path = RegisterViewController.swift; sourceTree = "<group>"; };
		6C866C662412A55A003B8941 /* BuyTableViewController.swift */ = {isa = PBXFileReference; lastKnownFileType = sourcecode.swift; path = BuyTableViewController.swift; sourceTree = "<group>"; };
		6C866C682412EAA9003B8941 /* BuyTableViewCell.swift */ = {isa = PBXFileReference; lastKnownFileType = sourcecode.swift; path = BuyTableViewCell.swift; sourceTree = "<group>"; };
		6C866C6F2414B50F003B8941 /* BuyDetailViewController.swift */ = {isa = PBXFileReference; lastKnownFileType = sourcecode.swift; path = BuyDetailViewController.swift; sourceTree = "<group>"; };
		6C8B564E2408C035009BAE99 /* EditProfileViewController.swift */ = {isa = PBXFileReference; lastKnownFileType = sourcecode.swift; path = EditProfileViewController.swift; sourceTree = "<group>"; };
		6C8B56502408F180009BAE99 /* ResetPasswordViewController.swift */ = {isa = PBXFileReference; lastKnownFileType = sourcecode.swift; path = ResetPasswordViewController.swift; sourceTree = "<group>"; };
		6CF50D1323F4ECCF008A306D /* LogInViewController.swift */ = {isa = PBXFileReference; lastKnownFileType = sourcecode.swift; path = LogInViewController.swift; sourceTree = "<group>"; };
		6CFBD1E523F7664E009F492F /* OTPViewController.swift */ = {isa = PBXFileReference; lastKnownFileType = sourcecode.swift; path = OTPViewController.swift; sourceTree = "<group>"; };
		6CFBD1E723F76695009F492F /* CreateAccountViewController.swift */ = {isa = PBXFileReference; lastKnownFileType = sourcecode.swift; path = CreateAccountViewController.swift; sourceTree = "<group>"; };
		6CFBE07F241DDD7A00063775 /* SellTableViewController.swift */ = {isa = PBXFileReference; lastKnownFileType = sourcecode.swift; path = SellTableViewController.swift; sourceTree = "<group>"; };
		6CFBE081241DDDD700063775 /* SellTableViewCell.swift */ = {isa = PBXFileReference; lastKnownFileType = sourcecode.swift; path = SellTableViewCell.swift; sourceTree = "<group>"; };
		7571D7DB23F351EF00C46379 /* Merchant.app */ = {isa = PBXFileReference; explicitFileType = wrapper.application; includeInIndex = 0; path = Merchant.app; sourceTree = BUILT_PRODUCTS_DIR; };
		7571D7DE23F351EF00C46379 /* AppDelegate.swift */ = {isa = PBXFileReference; lastKnownFileType = sourcecode.swift; path = AppDelegate.swift; sourceTree = "<group>"; };
		7571D7E023F351EF00C46379 /* SceneDelegate.swift */ = {isa = PBXFileReference; lastKnownFileType = sourcecode.swift; path = SceneDelegate.swift; sourceTree = "<group>"; };
		7571D7E223F351EF00C46379 /* WelcomeViewController.swift */ = {isa = PBXFileReference; lastKnownFileType = sourcecode.swift; path = WelcomeViewController.swift; sourceTree = "<group>"; };
		7571D7E523F351EF00C46379 /* Base */ = {isa = PBXFileReference; lastKnownFileType = file.storyboard; name = Base; path = Base.lproj/Main.storyboard; sourceTree = "<group>"; };
		7571D7E723F351F000C46379 /* Assets.xcassets */ = {isa = PBXFileReference; lastKnownFileType = folder.assetcatalog; path = Assets.xcassets; sourceTree = "<group>"; };
		7571D7EA23F351F000C46379 /* Base */ = {isa = PBXFileReference; lastKnownFileType = file.storyboard; name = Base; path = Base.lproj/LaunchScreen.storyboard; sourceTree = "<group>"; };
		7571D7EC23F351F000C46379 /* Info.plist */ = {isa = PBXFileReference; lastKnownFileType = text.plist.xml; path = Info.plist; sourceTree = "<group>"; };
		7571D7F123F351F000C46379 /* MerchantTests.xctest */ = {isa = PBXFileReference; explicitFileType = wrapper.cfbundle; includeInIndex = 0; path = MerchantTests.xctest; sourceTree = BUILT_PRODUCTS_DIR; };
		7571D7F523F351F000C46379 /* MerchantTests.swift */ = {isa = PBXFileReference; lastKnownFileType = sourcecode.swift; path = MerchantTests.swift; sourceTree = "<group>"; };
		7571D7F723F351F000C46379 /* Info.plist */ = {isa = PBXFileReference; lastKnownFileType = text.plist.xml; path = Info.plist; sourceTree = "<group>"; };
		7571D7FC23F351F000C46379 /* MerchantUITests.xctest */ = {isa = PBXFileReference; explicitFileType = wrapper.cfbundle; includeInIndex = 0; path = MerchantUITests.xctest; sourceTree = BUILT_PRODUCTS_DIR; };
		7571D80023F351F000C46379 /* MerchantUITests.swift */ = {isa = PBXFileReference; lastKnownFileType = sourcecode.swift; path = MerchantUITests.swift; sourceTree = "<group>"; };
		7571D80223F351F000C46379 /* Info.plist */ = {isa = PBXFileReference; lastKnownFileType = text.plist.xml; path = Info.plist; sourceTree = "<group>"; };
		757F2D96240086AF00B7054F /* API.swift */ = {isa = PBXFileReference; lastKnownFileType = sourcecode.swift; path = API.swift; sourceTree = "<group>"; };
		81826771851C55C82DB8E48E /* Pods_MerchantTests.framework */ = {isa = PBXFileReference; explicitFileType = wrapper.framework; includeInIndex = 0; path = Pods_MerchantTests.framework; sourceTree = BUILT_PRODUCTS_DIR; };
/* End PBXFileReference section */

/* Begin PBXFrameworksBuildPhase section */
		7571D7D823F351EF00C46379 /* Frameworks */ = {
			isa = PBXFrameworksBuildPhase;
			buildActionMask = 2147483647;
			files = (
				EA164D8A9060FEF585B5B095 /* Pods_Merchant.framework in Frameworks */,
			);
			runOnlyForDeploymentPostprocessing = 0;
		};
		7571D7EE23F351F000C46379 /* Frameworks */ = {
			isa = PBXFrameworksBuildPhase;
			buildActionMask = 2147483647;
			files = (
				024527EF0EA5BF477C39AB78 /* Pods_MerchantTests.framework in Frameworks */,
			);
			runOnlyForDeploymentPostprocessing = 0;
		};
		7571D7F923F351F000C46379 /* Frameworks */ = {
			isa = PBXFrameworksBuildPhase;
			buildActionMask = 2147483647;
			files = (
				88CD861BD9537BF10202E4C5 /* Pods_Merchant_MerchantUITests.framework in Frameworks */,
			);
			runOnlyForDeploymentPostprocessing = 0;
		};
/* End PBXFrameworksBuildPhase section */

/* Begin PBXGroup section */
		6C2EB80823F4ACA700320528 /* Poppins */ = {
			isa = PBXGroup;
			children = (
				6C2EB81A23F4ACC000320528 /* Poppins-Black.otf */,
				6C2EB81423F4ACBF00320528 /* Poppins-BlackItalic.otf */,
				6C2EB80D23F4ACBF00320528 /* Poppins-Bold.otf */,
				6C2EB80C23F4ACBF00320528 /* Poppins-BoldItalic.otf */,
				6C2EB80B23F4ACBF00320528 /* Poppins-ExtraBold.otf */,
				6C2EB81123F4ACBF00320528 /* Poppins-ExtraBoldItalic.otf */,
				6C2EB80F23F4ACBF00320528 /* Poppins-ExtraLight.otf */,
				6C2EB81B23F4ACC000320528 /* Poppins-ExtraLightItalic.otf */,
				6C2EB80E23F4ACBF00320528 /* Poppins-Italic.otf */,
				6C2EB80923F4ACBF00320528 /* Poppins-Light.otf */,
				6C2EB81623F4ACBF00320528 /* Poppins-LightItalic.otf */,
				6C2EB81023F4ACBF00320528 /* Poppins-Medium.otf */,
				6C2EB81523F4ACBF00320528 /* Poppins-MediumItalic.otf */,
				6C2EB81323F4ACBF00320528 /* Poppins-Regular.otf */,
				6C2EB80A23F4ACBF00320528 /* Poppins-SemiBold.otf */,
				6C2EB81823F4ACBF00320528 /* Poppins-SemiBoldItalic.otf */,
				6C2EB81723F4ACBF00320528 /* Poppins-Thin.otf */,
				6C2EB81223F4ACBF00320528 /* Poppins-ThinItalic.otf */,
				6C2EB81923F4ACBF00320528 /* SIL Open Font License.txt */,
			);
			path = Poppins;
			sourceTree = "<group>";
		};
		6C866C6E2414B4F2003B8941 /* Buy */ = {
			isa = PBXGroup;
			children = (
				6C866C682412EAA9003B8941 /* BuyTableViewCell.swift */,
				6C866C662412A55A003B8941 /* BuyTableViewController.swift */,
				6C866C6F2414B50F003B8941 /* BuyDetailViewController.swift */,
			);
			path = Buy;
			sourceTree = "<group>";
		};
		6CFBE07E241DDD1F00063775 /* Sell */ = {
			isa = PBXGroup;
			children = (
				6CFBE081241DDDD700063775 /* SellTableViewCell.swift */,
				6CFBE07F241DDD7A00063775 /* SellTableViewController.swift */,
			);
			path = Sell;
			sourceTree = "<group>";
		};
		7571D7D223F351EF00C46379 = {
			isa = PBXGroup;
			children = (
				7571D7DD23F351EF00C46379 /* Merchant */,
				7571D7F423F351F000C46379 /* MerchantTests */,
				7571D7FF23F351F000C46379 /* MerchantUITests */,
				7571D7DC23F351EF00C46379 /* Products */,
				A4AE276696951D835E41CEB8 /* Pods */,
				DCB558BB8AA280E3FFE9ECBC /* Frameworks */,
			);
			sourceTree = "<group>";
		};
		7571D7DC23F351EF00C46379 /* Products */ = {
			isa = PBXGroup;
			children = (
				7571D7DB23F351EF00C46379 /* Merchant.app */,
				7571D7F123F351F000C46379 /* MerchantTests.xctest */,
				7571D7FC23F351F000C46379 /* MerchantUITests.xctest */,
			);
			name = Products;
			sourceTree = "<group>";
		};
		7571D7DD23F351EF00C46379 /* Merchant */ = {
			isa = PBXGroup;
			children = (
				6CFBE07E241DDD1F00063775 /* Sell */,
				6C866C6E2414B4F2003B8941 /* Buy */,
				757F2D96240086AF00B7054F /* API.swift */,
				7571D7DE23F351EF00C46379 /* AppDelegate.swift */,
				7571D7E023F351EF00C46379 /* SceneDelegate.swift */,
				6CFBD1E723F76695009F492F /* CreateAccountViewController.swift */,
				6CFBD1E523F7664E009F492F /* OTPViewController.swift */,
				6C447D2423F4A30000C8B023 /* RegisterViewController.swift */,
				6CF50D1323F4ECCF008A306D /* LogInViewController.swift */,
				1554FFAD23FAE2C50066A4F3 /* ProfileViewController.swift */,
				6C8B564E2408C035009BAE99 /* EditProfileViewController.swift */,
				6C8B56502408F180009BAE99 /* ResetPasswordViewController.swift */,
				7571D7E223F351EF00C46379 /* WelcomeViewController.swift */,
				6C37EE12240787D100D8687F /* MainTabBarController.swift */,
				7571D7E423F351EF00C46379 /* Main.storyboard */,
				7571D7E723F351F000C46379 /* Assets.xcassets */,
				7571D7E923F351F000C46379 /* LaunchScreen.storyboard */,
				7571D7EC23F351F000C46379 /* Info.plist */,
				6C2EB80823F4ACA700320528 /* Poppins */,
			);
			path = Merchant;
			sourceTree = "<group>";
		};
		7571D7F423F351F000C46379 /* MerchantTests */ = {
			isa = PBXGroup;
			children = (
				7571D7F523F351F000C46379 /* MerchantTests.swift */,
				7571D7F723F351F000C46379 /* Info.plist */,
			);
			path = MerchantTests;
			sourceTree = "<group>";
		};
		7571D7FF23F351F000C46379 /* MerchantUITests */ = {
			isa = PBXGroup;
			children = (
				7571D80023F351F000C46379 /* MerchantUITests.swift */,
				7571D80223F351F000C46379 /* Info.plist */,
			);
			path = MerchantUITests;
			sourceTree = "<group>";
		};
		A4AE276696951D835E41CEB8 /* Pods */ = {
			isa = PBXGroup;
			children = (
				23D67E866DD9AFE8D27946D9 /* Pods-Merchant.debug.xcconfig */,
				6BB5BB44F7CCC91FEBBE45A5 /* Pods-Merchant.release.xcconfig */,
				661F2A7D6CA24EC994DB472D /* Pods-Merchant-MerchantUITests.debug.xcconfig */,
				3DEA8AB22406AD7F75797DD8 /* Pods-Merchant-MerchantUITests.release.xcconfig */,
				3B89CD3FF5AA0331FB47E34A /* Pods-MerchantTests.debug.xcconfig */,
				6889C560541BDFCBC660FBF5 /* Pods-MerchantTests.release.xcconfig */,
			);
			path = Pods;
			sourceTree = "<group>";
		};
		DCB558BB8AA280E3FFE9ECBC /* Frameworks */ = {
			isa = PBXGroup;
			children = (
				4F88B7190818A5EECEE76F94 /* Pods_Merchant.framework */,
				22068D62C0BE1BEC8BD7C016 /* Pods_Merchant_MerchantUITests.framework */,
				81826771851C55C82DB8E48E /* Pods_MerchantTests.framework */,
			);
			name = Frameworks;
			sourceTree = "<group>";
		};
/* End PBXGroup section */

/* Begin PBXNativeTarget section */
		7571D7DA23F351EF00C46379 /* Merchant */ = {
			isa = PBXNativeTarget;
			buildConfigurationList = 7571D80523F351F000C46379 /* Build configuration list for PBXNativeTarget "Merchant" */;
			buildPhases = (
				F05108ACF69D39DABD1BADCF /* [CP] Check Pods Manifest.lock */,
				7571D7D723F351EF00C46379 /* Sources */,
				7571D7D823F351EF00C46379 /* Frameworks */,
				7571D7D923F351EF00C46379 /* Resources */,
				3D8A1CD20342D05A6CA057B0 /* [CP] Embed Pods Frameworks */,
			);
			buildRules = (
			);
			dependencies = (
			);
			name = Merchant;
			productName = Merchant;
			productReference = 7571D7DB23F351EF00C46379 /* Merchant.app */;
			productType = "com.apple.product-type.application";
		};
		7571D7F023F351F000C46379 /* MerchantTests */ = {
			isa = PBXNativeTarget;
			buildConfigurationList = 7571D80823F351F000C46379 /* Build configuration list for PBXNativeTarget "MerchantTests" */;
			buildPhases = (
				066A207CA23CEFE3E811CB49 /* [CP] Check Pods Manifest.lock */,
				7571D7ED23F351F000C46379 /* Sources */,
				7571D7EE23F351F000C46379 /* Frameworks */,
				7571D7EF23F351F000C46379 /* Resources */,
			);
			buildRules = (
			);
			dependencies = (
				7571D7F323F351F000C46379 /* PBXTargetDependency */,
			);
			name = MerchantTests;
			productName = MerchantTests;
			productReference = 7571D7F123F351F000C46379 /* MerchantTests.xctest */;
			productType = "com.apple.product-type.bundle.unit-test";
		};
		7571D7FB23F351F000C46379 /* MerchantUITests */ = {
			isa = PBXNativeTarget;
			buildConfigurationList = 7571D80B23F351F000C46379 /* Build configuration list for PBXNativeTarget "MerchantUITests" */;
			buildPhases = (
				10E3614D2BB43C3756744A8D /* [CP] Check Pods Manifest.lock */,
				7571D7F823F351F000C46379 /* Sources */,
				7571D7F923F351F000C46379 /* Frameworks */,
				7571D7FA23F351F000C46379 /* Resources */,
				A66BB6B9E31C85E59336FB01 /* [CP] Embed Pods Frameworks */,
			);
			buildRules = (
			);
			dependencies = (
				7571D7FE23F351F000C46379 /* PBXTargetDependency */,
			);
			name = MerchantUITests;
			productName = MerchantUITests;
			productReference = 7571D7FC23F351F000C46379 /* MerchantUITests.xctest */;
			productType = "com.apple.product-type.bundle.ui-testing";
		};
/* End PBXNativeTarget section */

/* Begin PBXProject section */
		7571D7D323F351EF00C46379 /* Project object */ = {
			isa = PBXProject;
			attributes = {
				LastSwiftUpdateCheck = 1130;
				LastUpgradeCheck = 1130;
				ORGANIZATIONNAME = "CS307 Team 4";
				TargetAttributes = {
					7571D7DA23F351EF00C46379 = {
						CreatedOnToolsVersion = 11.3.1;
					};
					7571D7F023F351F000C46379 = {
						CreatedOnToolsVersion = 11.3.1;
						TestTargetID = 7571D7DA23F351EF00C46379;
					};
					7571D7FB23F351F000C46379 = {
						CreatedOnToolsVersion = 11.3.1;
						TestTargetID = 7571D7DA23F351EF00C46379;
					};
				};
			};
			buildConfigurationList = 7571D7D623F351EF00C46379 /* Build configuration list for PBXProject "Merchant" */;
			compatibilityVersion = "Xcode 9.3";
			developmentRegion = en;
			hasScannedForEncodings = 0;
			knownRegions = (
				en,
				Base,
			);
			mainGroup = 7571D7D223F351EF00C46379;
			productRefGroup = 7571D7DC23F351EF00C46379 /* Products */;
			projectDirPath = "";
			projectRoot = "";
			targets = (
				7571D7DA23F351EF00C46379 /* Merchant */,
				7571D7F023F351F000C46379 /* MerchantTests */,
				7571D7FB23F351F000C46379 /* MerchantUITests */,
			);
		};
/* End PBXProject section */

/* Begin PBXResourcesBuildPhase section */
		7571D7D923F351EF00C46379 /* Resources */ = {
			isa = PBXResourcesBuildPhase;
			buildActionMask = 2147483647;
			files = (
				6C2EB81D23F4ACC000320528 /* Poppins-SemiBold.otf in Resources */,
				6C2EB82323F4ACC000320528 /* Poppins-Medium.otf in Resources */,
				6C2EB82A23F4ACC000320528 /* Poppins-Thin.otf in Resources */,
				6C2EB81E23F4ACC000320528 /* Poppins-ExtraBold.otf in Resources */,
				6C2EB82423F4ACC000320528 /* Poppins-ExtraBoldItalic.otf in Resources */,
				6C2EB82E23F4ACC000320528 /* Poppins-ExtraLightItalic.otf in Resources */,
				6C2EB82923F4ACC000320528 /* Poppins-LightItalic.otf in Resources */,
				7571D7EB23F351F000C46379 /* LaunchScreen.storyboard in Resources */,
				7571D7E823F351F000C46379 /* Assets.xcassets in Resources */,
				6C2EB81C23F4ACC000320528 /* Poppins-Light.otf in Resources */,
				6C2EB82723F4ACC000320528 /* Poppins-BlackItalic.otf in Resources */,
				6C2EB82223F4ACC000320528 /* Poppins-ExtraLight.otf in Resources */,
				6C2EB82C23F4ACC000320528 /* SIL Open Font License.txt in Resources */,
				6C2EB82123F4ACC000320528 /* Poppins-Italic.otf in Resources */,
				6C2EB82523F4ACC000320528 /* Poppins-ThinItalic.otf in Resources */,
				6C2EB81F23F4ACC000320528 /* Poppins-BoldItalic.otf in Resources */,
				6C2EB82D23F4ACC000320528 /* Poppins-Black.otf in Resources */,
				6C2EB82823F4ACC000320528 /* Poppins-MediumItalic.otf in Resources */,
				6C2EB82023F4ACC000320528 /* Poppins-Bold.otf in Resources */,
				6C2EB82623F4ACC000320528 /* Poppins-Regular.otf in Resources */,
				6C2EB82B23F4ACC000320528 /* Poppins-SemiBoldItalic.otf in Resources */,
				7571D7E623F351EF00C46379 /* Main.storyboard in Resources */,
			);
			runOnlyForDeploymentPostprocessing = 0;
		};
		7571D7EF23F351F000C46379 /* Resources */ = {
			isa = PBXResourcesBuildPhase;
			buildActionMask = 2147483647;
			files = (
			);
			runOnlyForDeploymentPostprocessing = 0;
		};
		7571D7FA23F351F000C46379 /* Resources */ = {
			isa = PBXResourcesBuildPhase;
			buildActionMask = 2147483647;
			files = (
			);
			runOnlyForDeploymentPostprocessing = 0;
		};
/* End PBXResourcesBuildPhase section */

/* Begin PBXShellScriptBuildPhase section */
		066A207CA23CEFE3E811CB49 /* [CP] Check Pods Manifest.lock */ = {
			isa = PBXShellScriptBuildPhase;
			buildActionMask = 2147483647;
			files = (
			);
			inputFileListPaths = (
			);
			inputPaths = (
				"${PODS_PODFILE_DIR_PATH}/Podfile.lock",
				"${PODS_ROOT}/Manifest.lock",
			);
			name = "[CP] Check Pods Manifest.lock";
			outputFileListPaths = (
			);
			outputPaths = (
				"$(DERIVED_FILE_DIR)/Pods-MerchantTests-checkManifestLockResult.txt",
			);
			runOnlyForDeploymentPostprocessing = 0;
			shellPath = /bin/sh;
			shellScript = "diff \"${PODS_PODFILE_DIR_PATH}/Podfile.lock\" \"${PODS_ROOT}/Manifest.lock\" > /dev/null\nif [ $? != 0 ] ; then\n    # print error to STDERR\n    echo \"error: The sandbox is not in sync with the Podfile.lock. Run 'pod install' or update your CocoaPods installation.\" >&2\n    exit 1\nfi\n# This output is used by Xcode 'outputs' to avoid re-running this script phase.\necho \"SUCCESS\" > \"${SCRIPT_OUTPUT_FILE_0}\"\n";
			showEnvVarsInLog = 0;
		};
		10E3614D2BB43C3756744A8D /* [CP] Check Pods Manifest.lock */ = {
			isa = PBXShellScriptBuildPhase;
			buildActionMask = 2147483647;
			files = (
			);
			inputFileListPaths = (
			);
			inputPaths = (
				"${PODS_PODFILE_DIR_PATH}/Podfile.lock",
				"${PODS_ROOT}/Manifest.lock",
			);
			name = "[CP] Check Pods Manifest.lock";
			outputFileListPaths = (
			);
			outputPaths = (
				"$(DERIVED_FILE_DIR)/Pods-Merchant-MerchantUITests-checkManifestLockResult.txt",
			);
			runOnlyForDeploymentPostprocessing = 0;
			shellPath = /bin/sh;
			shellScript = "diff \"${PODS_PODFILE_DIR_PATH}/Podfile.lock\" \"${PODS_ROOT}/Manifest.lock\" > /dev/null\nif [ $? != 0 ] ; then\n    # print error to STDERR\n    echo \"error: The sandbox is not in sync with the Podfile.lock. Run 'pod install' or update your CocoaPods installation.\" >&2\n    exit 1\nfi\n# This output is used by Xcode 'outputs' to avoid re-running this script phase.\necho \"SUCCESS\" > \"${SCRIPT_OUTPUT_FILE_0}\"\n";
			showEnvVarsInLog = 0;
		};
		3D8A1CD20342D05A6CA057B0 /* [CP] Embed Pods Frameworks */ = {
			isa = PBXShellScriptBuildPhase;
			buildActionMask = 2147483647;
			files = (
			);
			inputFileListPaths = (
				"${PODS_ROOT}/Target Support Files/Pods-Merchant/Pods-Merchant-frameworks-${CONFIGURATION}-input-files.xcfilelist",
			);
			name = "[CP] Embed Pods Frameworks";
			outputFileListPaths = (
				"${PODS_ROOT}/Target Support Files/Pods-Merchant/Pods-Merchant-frameworks-${CONFIGURATION}-output-files.xcfilelist",
			);
			runOnlyForDeploymentPostprocessing = 0;
			shellPath = /bin/sh;
			shellScript = "\"${PODS_ROOT}/Target Support Files/Pods-Merchant/Pods-Merchant-frameworks.sh\"\n";
			showEnvVarsInLog = 0;
		};
		A66BB6B9E31C85E59336FB01 /* [CP] Embed Pods Frameworks */ = {
			isa = PBXShellScriptBuildPhase;
			buildActionMask = 2147483647;
			files = (
			);
			inputFileListPaths = (
				"${PODS_ROOT}/Target Support Files/Pods-Merchant-MerchantUITests/Pods-Merchant-MerchantUITests-frameworks-${CONFIGURATION}-input-files.xcfilelist",
			);
			name = "[CP] Embed Pods Frameworks";
			outputFileListPaths = (
				"${PODS_ROOT}/Target Support Files/Pods-Merchant-MerchantUITests/Pods-Merchant-MerchantUITests-frameworks-${CONFIGURATION}-output-files.xcfilelist",
			);
			runOnlyForDeploymentPostprocessing = 0;
			shellPath = /bin/sh;
			shellScript = "\"${PODS_ROOT}/Target Support Files/Pods-Merchant-MerchantUITests/Pods-Merchant-MerchantUITests-frameworks.sh\"\n";
			showEnvVarsInLog = 0;
		};
		F05108ACF69D39DABD1BADCF /* [CP] Check Pods Manifest.lock */ = {
			isa = PBXShellScriptBuildPhase;
			buildActionMask = 2147483647;
			files = (
			);
			inputFileListPaths = (
			);
			inputPaths = (
				"${PODS_PODFILE_DIR_PATH}/Podfile.lock",
				"${PODS_ROOT}/Manifest.lock",
			);
			name = "[CP] Check Pods Manifest.lock";
			outputFileListPaths = (
			);
			outputPaths = (
				"$(DERIVED_FILE_DIR)/Pods-Merchant-checkManifestLockResult.txt",
			);
			runOnlyForDeploymentPostprocessing = 0;
			shellPath = /bin/sh;
			shellScript = "diff \"${PODS_PODFILE_DIR_PATH}/Podfile.lock\" \"${PODS_ROOT}/Manifest.lock\" > /dev/null\nif [ $? != 0 ] ; then\n    # print error to STDERR\n    echo \"error: The sandbox is not in sync with the Podfile.lock. Run 'pod install' or update your CocoaPods installation.\" >&2\n    exit 1\nfi\n# This output is used by Xcode 'outputs' to avoid re-running this script phase.\necho \"SUCCESS\" > \"${SCRIPT_OUTPUT_FILE_0}\"\n";
			showEnvVarsInLog = 0;
		};
/* End PBXShellScriptBuildPhase section */

/* Begin PBXSourcesBuildPhase section */
		7571D7D723F351EF00C46379 /* Sources */ = {
			isa = PBXSourcesBuildPhase;
			buildActionMask = 2147483647;
			files = (
				6C8B564F2408C035009BAE99 /* EditProfileViewController.swift in Sources */,
				6CFBD1E823F76695009F492F /* CreateAccountViewController.swift in Sources */,
				6CFBD1E623F7664E009F492F /* OTPViewController.swift in Sources */,
				6C8B56512408F180009BAE99 /* ResetPasswordViewController.swift in Sources */,
				6C37EE13240787D100D8687F /* MainTabBarController.swift in Sources */,
				7571D7E323F351EF00C46379 /* WelcomeViewController.swift in Sources */,
				6C866C692412EAA9003B8941 /* BuyTableViewCell.swift in Sources */,
				6CFBE082241DDDD700063775 /* SellTableViewCell.swift in Sources */,
				7571D7DF23F351EF00C46379 /* AppDelegate.swift in Sources */,
				7571D7E123F351EF00C46379 /* SceneDelegate.swift in Sources */,
				6CF50D1423F4ECCF008A306D /* LogInViewController.swift in Sources */,
				1554FFAE23FAE2C50066A4F3 /* ProfileViewController.swift in Sources */,
				6C866C672412A55A003B8941 /* BuyTableViewController.swift in Sources */,
				6C866C702414B50F003B8941 /* BuyDetailViewController.swift in Sources */,
				757F2D97240086AF00B7054F /* API.swift in Sources */,
				6C447D2523F4A30000C8B023 /* RegisterViewController.swift in Sources */,
				6CFBE080241DDD7A00063775 /* SellTableViewController.swift in Sources */,
			);
			runOnlyForDeploymentPostprocessing = 0;
		};
		7571D7ED23F351F000C46379 /* Sources */ = {
			isa = PBXSourcesBuildPhase;
			buildActionMask = 2147483647;
			files = (
				7571D7F623F351F000C46379 /* MerchantTests.swift in Sources */,
			);
			runOnlyForDeploymentPostprocessing = 0;
		};
		7571D7F823F351F000C46379 /* Sources */ = {
			isa = PBXSourcesBuildPhase;
			buildActionMask = 2147483647;
			files = (
				7571D80123F351F000C46379 /* MerchantUITests.swift in Sources */,
			);
			runOnlyForDeploymentPostprocessing = 0;
		};
/* End PBXSourcesBuildPhase section */

/* Begin PBXTargetDependency section */
		7571D7F323F351F000C46379 /* PBXTargetDependency */ = {
			isa = PBXTargetDependency;
			target = 7571D7DA23F351EF00C46379 /* Merchant */;
			targetProxy = 7571D7F223F351F000C46379 /* PBXContainerItemProxy */;
		};
		7571D7FE23F351F000C46379 /* PBXTargetDependency */ = {
			isa = PBXTargetDependency;
			target = 7571D7DA23F351EF00C46379 /* Merchant */;
			targetProxy = 7571D7FD23F351F000C46379 /* PBXContainerItemProxy */;
		};
/* End PBXTargetDependency section */

/* Begin PBXVariantGroup section */
		7571D7E423F351EF00C46379 /* Main.storyboard */ = {
			isa = PBXVariantGroup;
			children = (
				7571D7E523F351EF00C46379 /* Base */,
			);
			name = Main.storyboard;
			sourceTree = "<group>";
		};
		7571D7E923F351F000C46379 /* LaunchScreen.storyboard */ = {
			isa = PBXVariantGroup;
			children = (
				7571D7EA23F351F000C46379 /* Base */,
			);
			name = LaunchScreen.storyboard;
			sourceTree = "<group>";
		};
/* End PBXVariantGroup section */

/* Begin XCBuildConfiguration section */
		7571D80323F351F000C46379 /* Debug */ = {
			isa = XCBuildConfiguration;
			buildSettings = {
				ALWAYS_SEARCH_USER_PATHS = NO;
				CLANG_ANALYZER_NONNULL = YES;
				CLANG_ANALYZER_NUMBER_OBJECT_CONVERSION = YES_AGGRESSIVE;
				CLANG_CXX_LANGUAGE_STANDARD = "gnu++14";
				CLANG_CXX_LIBRARY = "libc++";
				CLANG_ENABLE_MODULES = YES;
				CLANG_ENABLE_OBJC_ARC = YES;
				CLANG_ENABLE_OBJC_WEAK = YES;
				CLANG_WARN_BLOCK_CAPTURE_AUTORELEASING = YES;
				CLANG_WARN_BOOL_CONVERSION = YES;
				CLANG_WARN_COMMA = YES;
				CLANG_WARN_CONSTANT_CONVERSION = YES;
				CLANG_WARN_DEPRECATED_OBJC_IMPLEMENTATIONS = YES;
				CLANG_WARN_DIRECT_OBJC_ISA_USAGE = YES_ERROR;
				CLANG_WARN_DOCUMENTATION_COMMENTS = YES;
				CLANG_WARN_EMPTY_BODY = YES;
				CLANG_WARN_ENUM_CONVERSION = YES;
				CLANG_WARN_INFINITE_RECURSION = YES;
				CLANG_WARN_INT_CONVERSION = YES;
				CLANG_WARN_NON_LITERAL_NULL_CONVERSION = YES;
				CLANG_WARN_OBJC_IMPLICIT_RETAIN_SELF = YES;
				CLANG_WARN_OBJC_LITERAL_CONVERSION = YES;
				CLANG_WARN_OBJC_ROOT_CLASS = YES_ERROR;
				CLANG_WARN_RANGE_LOOP_ANALYSIS = YES;
				CLANG_WARN_STRICT_PROTOTYPES = YES;
				CLANG_WARN_SUSPICIOUS_MOVE = YES;
				CLANG_WARN_UNGUARDED_AVAILABILITY = YES_AGGRESSIVE;
				CLANG_WARN_UNREACHABLE_CODE = YES;
				CLANG_WARN__DUPLICATE_METHOD_MATCH = YES;
				COPY_PHASE_STRIP = NO;
				DEBUG_INFORMATION_FORMAT = dwarf;
				ENABLE_STRICT_OBJC_MSGSEND = YES;
				ENABLE_TESTABILITY = YES;
				GCC_C_LANGUAGE_STANDARD = gnu11;
				GCC_DYNAMIC_NO_PIC = NO;
				GCC_NO_COMMON_BLOCKS = YES;
				GCC_OPTIMIZATION_LEVEL = 0;
				GCC_PREPROCESSOR_DEFINITIONS = (
					"DEBUG=1",
					"$(inherited)",
				);
				GCC_WARN_64_TO_32_BIT_CONVERSION = YES;
				GCC_WARN_ABOUT_RETURN_TYPE = YES_ERROR;
				GCC_WARN_UNDECLARED_SELECTOR = YES;
				GCC_WARN_UNINITIALIZED_AUTOS = YES_AGGRESSIVE;
				GCC_WARN_UNUSED_FUNCTION = YES;
				GCC_WARN_UNUSED_VARIABLE = YES;
				IPHONEOS_DEPLOYMENT_TARGET = 13.2;
				MTL_ENABLE_DEBUG_INFO = INCLUDE_SOURCE;
				MTL_FAST_MATH = YES;
				ONLY_ACTIVE_ARCH = YES;
				SDKROOT = iphoneos;
				SWIFT_ACTIVE_COMPILATION_CONDITIONS = DEBUG;
				SWIFT_OPTIMIZATION_LEVEL = "-Onone";
			};
			name = Debug;
		};
		7571D80423F351F000C46379 /* Release */ = {
			isa = XCBuildConfiguration;
			buildSettings = {
				ALWAYS_SEARCH_USER_PATHS = NO;
				CLANG_ANALYZER_NONNULL = YES;
				CLANG_ANALYZER_NUMBER_OBJECT_CONVERSION = YES_AGGRESSIVE;
				CLANG_CXX_LANGUAGE_STANDARD = "gnu++14";
				CLANG_CXX_LIBRARY = "libc++";
				CLANG_ENABLE_MODULES = YES;
				CLANG_ENABLE_OBJC_ARC = YES;
				CLANG_ENABLE_OBJC_WEAK = YES;
				CLANG_WARN_BLOCK_CAPTURE_AUTORELEASING = YES;
				CLANG_WARN_BOOL_CONVERSION = YES;
				CLANG_WARN_COMMA = YES;
				CLANG_WARN_CONSTANT_CONVERSION = YES;
				CLANG_WARN_DEPRECATED_OBJC_IMPLEMENTATIONS = YES;
				CLANG_WARN_DIRECT_OBJC_ISA_USAGE = YES_ERROR;
				CLANG_WARN_DOCUMENTATION_COMMENTS = YES;
				CLANG_WARN_EMPTY_BODY = YES;
				CLANG_WARN_ENUM_CONVERSION = YES;
				CLANG_WARN_INFINITE_RECURSION = YES;
				CLANG_WARN_INT_CONVERSION = YES;
				CLANG_WARN_NON_LITERAL_NULL_CONVERSION = YES;
				CLANG_WARN_OBJC_IMPLICIT_RETAIN_SELF = YES;
				CLANG_WARN_OBJC_LITERAL_CONVERSION = YES;
				CLANG_WARN_OBJC_ROOT_CLASS = YES_ERROR;
				CLANG_WARN_RANGE_LOOP_ANALYSIS = YES;
				CLANG_WARN_STRICT_PROTOTYPES = YES;
				CLANG_WARN_SUSPICIOUS_MOVE = YES;
				CLANG_WARN_UNGUARDED_AVAILABILITY = YES_AGGRESSIVE;
				CLANG_WARN_UNREACHABLE_CODE = YES;
				CLANG_WARN__DUPLICATE_METHOD_MATCH = YES;
				COPY_PHASE_STRIP = NO;
				DEBUG_INFORMATION_FORMAT = "dwarf-with-dsym";
				ENABLE_NS_ASSERTIONS = NO;
				ENABLE_STRICT_OBJC_MSGSEND = YES;
				GCC_C_LANGUAGE_STANDARD = gnu11;
				GCC_NO_COMMON_BLOCKS = YES;
				GCC_WARN_64_TO_32_BIT_CONVERSION = YES;
				GCC_WARN_ABOUT_RETURN_TYPE = YES_ERROR;
				GCC_WARN_UNDECLARED_SELECTOR = YES;
				GCC_WARN_UNINITIALIZED_AUTOS = YES_AGGRESSIVE;
				GCC_WARN_UNUSED_FUNCTION = YES;
				GCC_WARN_UNUSED_VARIABLE = YES;
				IPHONEOS_DEPLOYMENT_TARGET = 13.2;
				MTL_ENABLE_DEBUG_INFO = NO;
				MTL_FAST_MATH = YES;
				SDKROOT = iphoneos;
				SWIFT_COMPILATION_MODE = wholemodule;
				SWIFT_OPTIMIZATION_LEVEL = "-O";
				VALIDATE_PRODUCT = YES;
			};
			name = Release;
		};
		7571D80623F351F000C46379 /* Debug */ = {
			isa = XCBuildConfiguration;
			baseConfigurationReference = 23D67E866DD9AFE8D27946D9 /* Pods-Merchant.debug.xcconfig */;
			buildSettings = {
				ASSETCATALOG_COMPILER_APPICON_NAME = AppIcon;
				CODE_SIGN_STYLE = Automatic;
				DEVELOPMENT_TEAM = BWNBBDW27S;
				INFOPLIST_FILE = Merchant/Info.plist;
				LD_RUNPATH_SEARCH_PATHS = (
					"$(inherited)",
					"@executable_path/Frameworks",
				);
				PRODUCT_BUNDLE_IDENTIFIER = com.example.CS307Team4.Merchant;
				PRODUCT_NAME = "$(TARGET_NAME)";
				SWIFT_VERSION = 5.0;
				TARGETED_DEVICE_FAMILY = "1,2";
			};
			name = Debug;
		};
		7571D80723F351F000C46379 /* Release */ = {
			isa = XCBuildConfiguration;
			baseConfigurationReference = 6BB5BB44F7CCC91FEBBE45A5 /* Pods-Merchant.release.xcconfig */;
			buildSettings = {
				ASSETCATALOG_COMPILER_APPICON_NAME = AppIcon;
				CODE_SIGN_STYLE = Automatic;
				DEVELOPMENT_TEAM = BWNBBDW27S;
				INFOPLIST_FILE = Merchant/Info.plist;
				LD_RUNPATH_SEARCH_PATHS = (
					"$(inherited)",
					"@executable_path/Frameworks",
				);
				PRODUCT_BUNDLE_IDENTIFIER = com.example.CS307Team4.Merchant;
				PRODUCT_NAME = "$(TARGET_NAME)";
				SWIFT_VERSION = 5.0;
				TARGETED_DEVICE_FAMILY = "1,2";
			};
			name = Release;
		};
		7571D80923F351F000C46379 /* Debug */ = {
			isa = XCBuildConfiguration;
			baseConfigurationReference = 3B89CD3FF5AA0331FB47E34A /* Pods-MerchantTests.debug.xcconfig */;
			buildSettings = {
				ALWAYS_EMBED_SWIFT_STANDARD_LIBRARIES = YES;
				BUNDLE_LOADER = "$(TEST_HOST)";
				CODE_SIGN_STYLE = Automatic;
				DEVELOPMENT_TEAM = BWNBBDW27S;
				INFOPLIST_FILE = MerchantTests/Info.plist;
				IPHONEOS_DEPLOYMENT_TARGET = 13.2;
				LD_RUNPATH_SEARCH_PATHS = (
					"$(inherited)",
					"@executable_path/Frameworks",
					"@loader_path/Frameworks",
				);
				PRODUCT_BUNDLE_IDENTIFIER = com.example.CS307Team4.MerchantTests;
				PRODUCT_NAME = "$(TARGET_NAME)";
				SWIFT_VERSION = 5.0;
				TARGETED_DEVICE_FAMILY = "1,2";
				TEST_HOST = "$(BUILT_PRODUCTS_DIR)/Merchant.app/Merchant";
			};
			name = Debug;
		};
		7571D80A23F351F000C46379 /* Release */ = {
			isa = XCBuildConfiguration;
			baseConfigurationReference = 6889C560541BDFCBC660FBF5 /* Pods-MerchantTests.release.xcconfig */;
			buildSettings = {
				ALWAYS_EMBED_SWIFT_STANDARD_LIBRARIES = YES;
				BUNDLE_LOADER = "$(TEST_HOST)";
				CODE_SIGN_STYLE = Automatic;
				DEVELOPMENT_TEAM = BWNBBDW27S;
				INFOPLIST_FILE = MerchantTests/Info.plist;
				IPHONEOS_DEPLOYMENT_TARGET = 13.2;
				LD_RUNPATH_SEARCH_PATHS = (
					"$(inherited)",
					"@executable_path/Frameworks",
					"@loader_path/Frameworks",
				);
				PRODUCT_BUNDLE_IDENTIFIER = com.example.CS307Team4.MerchantTests;
				PRODUCT_NAME = "$(TARGET_NAME)";
				SWIFT_VERSION = 5.0;
				TARGETED_DEVICE_FAMILY = "1,2";
				TEST_HOST = "$(BUILT_PRODUCTS_DIR)/Merchant.app/Merchant";
			};
			name = Release;
		};
		7571D80C23F351F000C46379 /* Debug */ = {
			isa = XCBuildConfiguration;
			baseConfigurationReference = 661F2A7D6CA24EC994DB472D /* Pods-Merchant-MerchantUITests.debug.xcconfig */;
			buildSettings = {
				ALWAYS_EMBED_SWIFT_STANDARD_LIBRARIES = YES;
				CODE_SIGN_STYLE = Automatic;
				DEVELOPMENT_TEAM = BWNBBDW27S;
				INFOPLIST_FILE = MerchantUITests/Info.plist;
				LD_RUNPATH_SEARCH_PATHS = (
					"$(inherited)",
					"@executable_path/Frameworks",
					"@loader_path/Frameworks",
				);
				PRODUCT_BUNDLE_IDENTIFIER = com.example.CS307Team4.MerchantUITests;
				PRODUCT_NAME = "$(TARGET_NAME)";
				SWIFT_VERSION = 5.0;
				TARGETED_DEVICE_FAMILY = "1,2";
				TEST_TARGET_NAME = Merchant;
			};
			name = Debug;
		};
		7571D80D23F351F000C46379 /* Release */ = {
			isa = XCBuildConfiguration;
			baseConfigurationReference = 3DEA8AB22406AD7F75797DD8 /* Pods-Merchant-MerchantUITests.release.xcconfig */;
			buildSettings = {
				ALWAYS_EMBED_SWIFT_STANDARD_LIBRARIES = YES;
				CODE_SIGN_STYLE = Automatic;
				DEVELOPMENT_TEAM = BWNBBDW27S;
				INFOPLIST_FILE = MerchantUITests/Info.plist;
				LD_RUNPATH_SEARCH_PATHS = (
					"$(inherited)",
					"@executable_path/Frameworks",
					"@loader_path/Frameworks",
				);
				PRODUCT_BUNDLE_IDENTIFIER = com.example.CS307Team4.MerchantUITests;
				PRODUCT_NAME = "$(TARGET_NAME)";
				SWIFT_VERSION = 5.0;
				TARGETED_DEVICE_FAMILY = "1,2";
				TEST_TARGET_NAME = Merchant;
			};
			name = Release;
		};
/* End XCBuildConfiguration section */

/* Begin XCConfigurationList section */
		7571D7D623F351EF00C46379 /* Build configuration list for PBXProject "Merchant" */ = {
			isa = XCConfigurationList;
			buildConfigurations = (
				7571D80323F351F000C46379 /* Debug */,
				7571D80423F351F000C46379 /* Release */,
			);
			defaultConfigurationIsVisible = 0;
			defaultConfigurationName = Release;
		};
		7571D80523F351F000C46379 /* Build configuration list for PBXNativeTarget "Merchant" */ = {
			isa = XCConfigurationList;
			buildConfigurations = (
				7571D80623F351F000C46379 /* Debug */,
				7571D80723F351F000C46379 /* Release */,
			);
			defaultConfigurationIsVisible = 0;
			defaultConfigurationName = Release;
		};
		7571D80823F351F000C46379 /* Build configuration list for PBXNativeTarget "MerchantTests" */ = {
			isa = XCConfigurationList;
			buildConfigurations = (
				7571D80923F351F000C46379 /* Debug */,
				7571D80A23F351F000C46379 /* Release */,
			);
			defaultConfigurationIsVisible = 0;
			defaultConfigurationName = Release;
		};
		7571D80B23F351F000C46379 /* Build configuration list for PBXNativeTarget "MerchantUITests" */ = {
			isa = XCConfigurationList;
			buildConfigurations = (
				7571D80C23F351F000C46379 /* Debug */,
				7571D80D23F351F000C46379 /* Release */,
			);
			defaultConfigurationIsVisible = 0;
			defaultConfigurationName = Release;
		};
/* End XCConfigurationList section */
	};
	rootObject = 7571D7D323F351EF00C46379 /* Project object */;
}
